
Microsoft Visual Studio Solution File, Format Version 12.00
# Visual Studio Version 16
VisualStudioVersion = 16.0.31410.357
MinimumVisualStudioVersion = 10.0.40219.1
Project("{FAE04EC0-301F-11D3-BF4B-00C04F79EFBC}") = "SchoolApp", "SchoolApp\SchoolApp.csproj", "{A2103812-3745-4835-AE55-AA5D834FC168}"
EndProject
Global
	GlobalSection(SolutionConfigurationPlatforms) = preSolution
		Debug|Any CPU = Debug|Any CPU
		Release|Any CPU = Release|Any CPU
	EndGlobalSection
	GlobalSection(ProjectConfigurationPlatforms) = postSolution
		{A2103812-3745-4835-AE55-AA5D834FC168}.Debug|Any CPU.ActiveCfg = Debug|Any CPU
		{A2103812-3745-4835-AE55-AA5D834FC168}.Debug|Any CPU.Build.0 = Debug|Any CPU
		{A2103812-3745-4835-AE55-AA5D834FC168}.Release|Any CPU.ActiveCfg = Release|Any CPU
		{A2103812-3745-4835-AE55-AA5D834FC168}.Release|Any CPU.Build.0 = Release|Any CPU
	EndGlobalSection
	GlobalSection(SolutionProperties) = preSolution
		HideSolutionNode = FALSE
	EndGlobalSection
	GlobalSection(ExtensibilityGlobals) = postSolution
		SolutionGuid = {7011CCEF-0E1E-4958-AF6C-7CB3CA77971E}
	EndGlobalSection
EndGlobal
